
Microsoft Visual Studio Solution File, Format Version 12.00
# Visual Studio Version 17
VisualStudioVersion = 17.4.33110.190
MinimumVisualStudioVersion = 10.0.40219.1
Project("{FAE04EC0-301F-11D3-BF4B-00C04F79EFBC}") = "PDV", "PDV.csproj", "{CCAA6927-7B32-4EBD-86E5-091DB902B7F4}"
EndProject
Global
	GlobalSection(SolutionConfigurationPlatforms) = preSolution
		Debug|Any CPU = Debug|Any CPU
		Release|Any CPU = Release|Any CPU
	EndGlobalSection
	GlobalSection(ProjectConfigurationPlatforms) = postSolution
		{CCAA6927-7B32-4EBD-86E5-091DB902B7F4}.Debug|Any CPU.ActiveCfg = Debug|Any CPU
		{CCAA6927-7B32-4EBD-86E5-091DB902B7F4}.Debug|Any CPU.Build.0 = Debug|Any CPU
		{CCAA6927-7B32-4EBD-86E5-091DB902B7F4}.Release|Any CPU.ActiveCfg = Release|Any CPU
		{CCAA6927-7B32-4EBD-86E5-091DB902B7F4}.Release|Any CPU.Build.0 = Release|Any CPU
	EndGlobalSection
	GlobalSection(SolutionProperties) = preSolution
		HideSolutionNode = FALSE
	EndGlobalSection
	GlobalSection(ExtensibilityGlobals) = postSolution
		SolutionGuid = {A4C1AECB-3AD3-41DE-9753-152F260F7810}
	EndGlobalSection
EndGlobal
